
Microsoft Visual Studio Solution File, Format Version 12.00
# Visual Studio Version 18
VisualStudioVersion = 18.1.11312.151
MinimumVisualStudioVersion = 10.0.40219.1
Project("{2150E333-8FDC-42A3-9474-1A3956D46DE8}") = "backend", "backend", "{1AE8ACA6-933B-BF2A-3671-3E2EAC007D16}"
EndProject
Project("{FAE04EC0-301F-11D3-BF4B-00C04F79EFBC}") = "BusinessAsUsual.API", "backend\BusinessAsUsual.API\BusinessAsUsual.API.csproj", "{0509322B-5C78-4CFD-B4B5-1678C5B45665}"
EndProject
Project("{FAE04EC0-301F-11D3-BF4B-00C04F79EFBC}") = "BusinessAsUsual.Application", "backend\BusinessAsUsual.Application\BusinessAsUsual.Application.csproj", "{40531946-1C10-4F44-BA68-AAE122F39A31}"
EndProject
Project("{FAE04EC0-301F-11D3-BF4B-00C04F79EFBC}") = "BusinessAsUsual.Domain", "backend\BusinessAsUsual.Domain\BusinessAsUsual.Domain.csproj", "{6D42EBB5-0DAC-482A-946D-E525EF148E16}"
EndProject
Project("{2150E333-8FDC-42A3-9474-1A3956D46DE8}") = "frontend", "frontend", "{CE609670-85B9-0D16-FB54-ED063D5D8A6D}"
EndProject
Project("{FAE04EC0-301F-11D3-BF4B-00C04F79EFBC}") = "BusinessAsUsual.Web", "frontend\BusinessAsUsual.Web\BusinessAsUsual.Web.csproj", "{76C3C62C-403F-4373-BE2C-4BC9BDDEDAF6}"
EndProject
Project("{2150E333-8FDC-42A3-9474-1A3956D46DE8}") = "Solution Items", "Solution Items", "{8EC462FD-D22E-90A8-E5CE-7E832BA40C5D}"
	ProjectSection(SolutionItems) = preProject
		.dockerignore = .dockerignore
		.editorconfig = .editorconfig
		.gitignore = .gitignore
		appspec.yml = appspec.yml
		docs\ARCHITECTURE.md = docs\ARCHITECTURE.md
		docs\AWSDEPLOYMENT.md = docs\AWSDEPLOYMENT.md
		docs\BADGES.md = docs\BADGES.md
		docs\BRANDING.md = docs\BRANDING.md
		docs\CHANGELOG.md = docs\CHANGELOG.md
		.github\workflows\changelog.yml = .github\workflows\changelog.yml
		docs\CODEOWNERS.md = docs\CODEOWNERS.md
		ConfigLoader.cs = ConfigLoader.cs
		Directory.Build.props = Directory.Build.props
		docker-compose.yml = docker-compose.yml
		Dockerfile = Dockerfile
		docs\LICENSE.md = docs\LICENSE.md
		docs\METADATA.md = docs\METADATA.md
		docs\MICROSERVICEARCHITECTUREOVERVIEW.md = docs\MICROSERVICEARCHITECTUREOVERVIEW.md
		docs\ONBOARDING.md = docs\ONBOARDING.md
		docs\PSCOMMANDS.md = docs\PSCOMMANDS.md
		README.md = README.md
		docs\README.md = docs\README.md
		docs\SMARTCOMMIT.md = docs\SMARTCOMMIT.md
		docs\SPLASH.md = docs\SPLASH.md
		docs\STRATEGY.md = docs\STRATEGY.md
		docs\STYLEGUIDE.md = docs\STYLEGUIDE.md
	EndProjectSection
EndProject
Project("{FAE04EC0-301F-11D3-BF4B-00C04F79EFBC}") = "BusinessAsUsual.Tests", "BusinessAsUsual.Tests\BusinessAsUsual.Tests.csproj", "{5AE0C246-DA7C-4153-8920-2593BB685849}"
EndProject
Project("{FAE04EC0-301F-11D3-BF4B-00C04F79EFBC}") = "BusinessAsUsual.Core", "BusinessAsUsual.Core\BusinessAsUsual.Core.csproj", "{30827E97-01BD-462F-BF11-78DD36B8781A}"
EndProject
Project("{FAE04EC0-301F-11D3-BF4B-00C04F79EFBC}") = "BusinessAsUsual.Infrastructure", "backend\BusinessAsUsual.Infrastructure\BusinessAsUsual.Infrastructure.csproj", "{D51EEF71-F3AA-6111-3323-3A05EB37493A}"
EndProject
Project("{FAE04EC0-301F-11D3-BF4B-00C04F79EFBC}") = "BusinessAsUsual.Admin", "frontend\BusinessAsUsual.Admin\BusinessAsUsual.Admin.csproj", "{A5F217CA-390E-3903-1BF8-7F4F5492580A}"
EndProject
Project("{2150E333-8FDC-42A3-9474-1A3956D46DE8}") = "services", "services", "{5854FF58-B8C5-05C6-5BF2-ACE42193F22B}"
EndProject
Project("{2150E333-8FDC-42A3-9474-1A3956D46DE8}") = "HR", "HR", "{6B2CB54C-E7F8-C45B-A4DA-FB37389901FF}"
EndProject
Project("{FAE04EC0-301F-11D3-BF4B-00C04F79EFBC}") = "HR.API", "services\HR\HR.API\HR.API.csproj", "{DC75FFA3-0C95-4738-BFEC-EB2D81AF0095}"
EndProject
Project("{FAE04EC0-301F-11D3-BF4B-00C04F79EFBC}") = "HR.Application", "services\HR\HR.Application\HR.Application.csproj", "{DE7B8566-1063-4B4C-8AD3-343CD86C8B85}"
EndProject
Project("{FAE04EC0-301F-11D3-BF4B-00C04F79EFBC}") = "HR.Domain", "services\HR\HR.Domain\HR.Domain.csproj", "{20C4C9C1-9E77-4E51-B0D6-893183A540D9}"
EndProject
Project("{FAE04EC0-301F-11D3-BF4B-00C04F79EFBC}") = "HR.Infrastructure", "services\HR\HR.Infrastructure\HR.Infrastructure.csproj", "{047835AA-0DE9-4C95-97DD-7C4B7CE9CEC4}"
EndProject
Project("{2150E333-8FDC-42A3-9474-1A3956D46DE8}") = "ModuleRegistry", "ModuleRegistry", "{704F2156-B428-6027-9A55-AC0931CFFD49}"
EndProject
Project("{FAE04EC0-301F-11D3-BF4B-00C04F79EFBC}") = "ModuleRegistry.API", "services\ModuleRegistry\ModuleRegistry.API\ModuleRegistry.API.csproj", "{D353FFB6-720B-4F48-8026-DD7E5326BCDD}"
EndProject
Project("{FAE04EC0-301F-11D3-BF4B-00C04F79EFBC}") = "ModuleRegistry.Application", "services\ModuleRegistry\ModuleRegistry.Application\ModuleRegistry.Application.csproj", "{B97DB5C8-4670-4F96-A27E-0AA934B1D400}"
EndProject
Project("{FAE04EC0-301F-11D3-BF4B-00C04F79EFBC}") = "ModuleRegistry.Domain", "services\ModuleRegistry\ModuleRegistry.Domain\ModuleRegistry.Domain.csproj", "{64AA1DD0-1CB4-4925-8D7B-AE59F9B42291}"
EndProject
Project("{FAE04EC0-301F-11D3-BF4B-00C04F79EFBC}") = "ModuleRegistry.Infrastructure", "services\ModuleRegistry\ModuleRegistry.Infrastructure\ModuleRegistry.Infrastructure.csproj", "{59DDF45D-05F1-471D-94A0-3D0C9ECB059C}"
EndProject
Project("{FAE04EC0-301F-11D3-BF4B-00C04F79EFBC}") = "HR.Web", "services\HR\HR.Web\HR.Web.csproj", "{4355A0B0-1DD9-4758-A68F-AD9B5670809F}"
EndProject
Project("{2150E333-8FDC-42A3-9474-1A3956D46DE8}") = "CRM", "CRM", "{564C711B-76A9-D581-6093-515407AE9878}"
EndProject
Project("{FAE04EC0-301F-11D3-BF4B-00C04F79EFBC}") = "CRM.Domain", "services\CRM\CRM.Domain\CRM.Domain.csproj", "{CE102813-5B9E-4DAD-B21E-A8BE565ED5B1}"
EndProject
Project("{FAE04EC0-301F-11D3-BF4B-00C04F79EFBC}") = "CRM.Application", "services\CRM\CRM.Application\CRM.Application.csproj", "{8CE86DF8-D05D-4810-ACFA-25C7AE742544}"
EndProject
Project("{FAE04EC0-301F-11D3-BF4B-00C04F79EFBC}") = "CRM.API", "services\CRM\CRM.API\CRM.API.csproj", "{BF5D8F57-9538-47AC-82B1-A5D56A493F6B}"
EndProject
Project("{FAE04EC0-301F-11D3-BF4B-00C04F79EFBC}") = "CRM.Web", "services\CRM\CRM.Web\CRM.Web.csproj", "{B4FB6152-23B9-49A2-A360-F135C093C087}"
EndProject
Global
	GlobalSection(SolutionConfigurationPlatforms) = preSolution
		Debug|Any CPU = Debug|Any CPU
		Debug|x64 = Debug|x64
		Debug|x86 = Debug|x86
		Release|Any CPU = Release|Any CPU
		Release|x64 = Release|x64
		Release|x86 = Release|x86
	EndGlobalSection
	GlobalSection(ProjectConfigurationPlatforms) = postSolution
		{0509322B-5C78-4CFD-B4B5-1678C5B45665}.Debug|Any CPU.ActiveCfg = Debug|Any CPU
		{0509322B-5C78-4CFD-B4B5-1678C5B45665}.Debug|Any CPU.Build.0 = Debug|Any CPU
		{0509322B-5C78-4CFD-B4B5-1678C5B45665}.Debug|x64.ActiveCfg = Debug|Any CPU
		{0509322B-5C78-4CFD-B4B5-1678C5B45665}.Debug|x64.Build.0 = Debug|Any CPU
		{0509322B-5C78-4CFD-B4B5-1678C5B45665}.Debug|x86.ActiveCfg = Debug|Any CPU
		{0509322B-5C78-4CFD-B4B5-1678C5B45665}.Debug|x86.Build.0 = Debug|Any CPU
		{0509322B-5C78-4CFD-B4B5-1678C5B45665}.Release|Any CPU.ActiveCfg = Release|Any CPU
		{0509322B-5C78-4CFD-B4B5-1678C5B45665}.Release|Any CPU.Build.0 = Release|Any CPU
		{0509322B-5C78-4CFD-B4B5-1678C5B45665}.Release|x64.ActiveCfg = Release|Any CPU
		{0509322B-5C78-4CFD-B4B5-1678C5B45665}.Release|x64.Build.0 = Release|Any CPU
		{0509322B-5C78-4CFD-B4B5-1678C5B45665}.Release|x86.ActiveCfg = Release|Any CPU
		{0509322B-5C78-4CFD-B4B5-1678C5B45665}.Release|x86.Build.0 = Release|Any CPU
		{40531946-1C10-4F44-BA68-AAE122F39A31}.Debug|Any CPU.ActiveCfg = Debug|Any CPU
		{40531946-1C10-4F44-BA68-AAE122F39A31}.Debug|Any CPU.Build.0 = Debug|Any CPU
		{40531946-1C10-4F44-BA68-AAE122F39A31}.Debug|x64.ActiveCfg = Debug|Any CPU
		{40531946-1C10-4F44-BA68-AAE122F39A31}.Debug|x64.Build.0 = Debug|Any CPU
		{40531946-1C10-4F44-BA68-AAE122F39A31}.Debug|x86.ActiveCfg = Debug|Any CPU
		{40531946-1C10-4F44-BA68-AAE122F39A31}.Debug|x86.Build.0 = Debug|Any CPU
		{40531946-1C10-4F44-BA68-AAE122F39A31}.Release|Any CPU.ActiveCfg = Release|Any CPU
		{40531946-1C10-4F44-BA68-AAE122F39A31}.Release|Any CPU.Build.0 = Release|Any CPU
		{40531946-1C10-4F44-BA68-AAE122F39A31}.Release|x64.ActiveCfg = Release|Any CPU
		{40531946-1C10-4F44-BA68-AAE122F39A31}.Release|x64.Build.0 = Release|Any CPU
		{40531946-1C10-4F44-BA68-AAE122F39A31}.Release|x86.ActiveCfg = Release|Any CPU
		{40531946-1C10-4F44-BA68-AAE122F39A31}.Release|x86.Build.0 = Release|Any CPU
		{6D42EBB5-0DAC-482A-946D-E525EF148E16}.Debug|Any CPU.ActiveCfg = Debug|Any CPU
		{6D42EBB5-0DAC-482A-946D-E525EF148E16}.Debug|Any CPU.Build.0 = Debug|Any CPU
		{6D42EBB5-0DAC-482A-946D-E525EF148E16}.Debug|x64.ActiveCfg = Debug|Any CPU
		{6D42EBB5-0DAC-482A-946D-E525EF148E16}.Debug|x64.Build.0 = Debug|Any CPU
		{6D42EBB5-0DAC-482A-946D-E525EF148E16}.Debug|x86.ActiveCfg = Debug|Any CPU
		{6D42EBB5-0DAC-482A-946D-E525EF148E16}.Debug|x86.Build.0 = Debug|Any CPU
		{6D42EBB5-0DAC-482A-946D-E525EF148E16}.Release|Any CPU.ActiveCfg = Release|Any CPU
		{6D42EBB5-0DAC-482A-946D-E525EF148E16}.Release|Any CPU.Build.0 = Release|Any CPU
		{6D42EBB5-0DAC-482A-946D-E525EF148E16}.Release|x64.ActiveCfg = Release|Any CPU
		{6D42EBB5-0DAC-482A-946D-E525EF148E16}.Release|x64.Build.0 = Release|Any CPU
		{6D42EBB5-0DAC-482A-946D-E525EF148E16}.Release|x86.ActiveCfg = Release|Any CPU
		{6D42EBB5-0DAC-482A-946D-E525EF148E16}.Release|x86.Build.0 = Release|Any CPU
		{76C3C62C-403F-4373-BE2C-4BC9BDDEDAF6}.Debug|Any CPU.ActiveCfg = Debug|Any CPU
		{76C3C62C-403F-4373-BE2C-4BC9BDDEDAF6}.Debug|Any CPU.Build.0 = Debug|Any CPU
		{76C3C62C-403F-4373-BE2C-4BC9BDDEDAF6}.Debug|x64.ActiveCfg = Debug|Any CPU
		{76C3C62C-403F-4373-BE2C-4BC9BDDEDAF6}.Debug|x64.Build.0 = Debug|Any CPU
		{76C3C62C-403F-4373-BE2C-4BC9BDDEDAF6}.Debug|x86.ActiveCfg = Debug|Any CPU
		{76C3C62C-403F-4373-BE2C-4BC9BDDEDAF6}.Debug|x86.Build.0 = Debug|Any CPU
		{76C3C62C-403F-4373-BE2C-4BC9BDDEDAF6}.Release|Any CPU.ActiveCfg = Release|Any CPU
		{76C3C62C-403F-4373-BE2C-4BC9BDDEDAF6}.Release|Any CPU.Build.0 = Release|Any CPU
		{76C3C62C-403F-4373-BE2C-4BC9BDDEDAF6}.Release|x64.ActiveCfg = Release|Any CPU
		{76C3C62C-403F-4373-BE2C-4BC9BDDEDAF6}.Release|x64.Build.0 = Release|Any CPU
		{76C3C62C-403F-4373-BE2C-4BC9BDDEDAF6}.Release|x86.ActiveCfg = Release|Any CPU
		{76C3C62C-403F-4373-BE2C-4BC9BDDEDAF6}.Release|x86.Build.0 = Release|Any CPU
		{5AE0C246-DA7C-4153-8920-2593BB685849}.Debug|Any CPU.ActiveCfg = Debug|Any CPU
		{5AE0C246-DA7C-4153-8920-2593BB685849}.Debug|Any CPU.Build.0 = Debug|Any CPU
		{5AE0C246-DA7C-4153-8920-2593BB685849}.Debug|x64.ActiveCfg = Debug|Any CPU
		{5AE0C246-DA7C-4153-8920-2593BB685849}.Debug|x64.Build.0 = Debug|Any CPU
		{5AE0C246-DA7C-4153-8920-2593BB685849}.Debug|x86.ActiveCfg = Debug|Any CPU
		{5AE0C246-DA7C-4153-8920-2593BB685849}.Debug|x86.Build.0 = Debug|Any CPU
		{5AE0C246-DA7C-4153-8920-2593BB685849}.Release|Any CPU.ActiveCfg = Release|Any CPU
		{5AE0C246-DA7C-4153-8920-2593BB685849}.Release|Any CPU.Build.0 = Release|Any CPU
		{5AE0C246-DA7C-4153-8920-2593BB685849}.Release|x64.ActiveCfg = Release|Any CPU
		{5AE0C246-DA7C-4153-8920-2593BB685849}.Release|x64.Build.0 = Release|Any CPU
		{5AE0C246-DA7C-4153-8920-2593BB685849}.Release|x86.ActiveCfg = Release|Any CPU
		{5AE0C246-DA7C-4153-8920-2593BB685849}.Release|x86.Build.0 = Release|Any CPU
		{30827E97-01BD-462F-BF11-78DD36B8781A}.Debug|Any CPU.ActiveCfg = Debug|Any CPU
		{30827E97-01BD-462F-BF11-78DD36B8781A}.Debug|Any CPU.Build.0 = Debug|Any CPU
		{30827E97-01BD-462F-BF11-78DD36B8781A}.Debug|x64.ActiveCfg = Debug|Any CPU
		{30827E97-01BD-462F-BF11-78DD36B8781A}.Debug|x64.Build.0 = Debug|Any CPU
		{30827E97-01BD-462F-BF11-78DD36B8781A}.Debug|x86.ActiveCfg = Debug|Any CPU
		{30827E97-01BD-462F-BF11-78DD36B8781A}.Debug|x86.Build.0 = Debug|Any CPU
		{30827E97-01BD-462F-BF11-78DD36B8781A}.Release|Any CPU.ActiveCfg = Release|Any CPU
		{30827E97-01BD-462F-BF11-78DD36B8781A}.Release|Any CPU.Build.0 = Release|Any CPU
		{30827E97-01BD-462F-BF11-78DD36B8781A}.Release|x64.ActiveCfg = Release|Any CPU
		{30827E97-01BD-462F-BF11-78DD36B8781A}.Release|x64.Build.0 = Release|Any CPU
		{30827E97-01BD-462F-BF11-78DD36B8781A}.Release|x86.ActiveCfg = Release|Any CPU
		{30827E97-01BD-462F-BF11-78DD36B8781A}.Release|x86.Build.0 = Release|Any CPU
		{D51EEF71-F3AA-6111-3323-3A05EB37493A}.Debug|Any CPU.ActiveCfg = Debug|Any CPU
		{D51EEF71-F3AA-6111-3323-3A05EB37493A}.Debug|Any CPU.Build.0 = Debug|Any CPU
		{D51EEF71-F3AA-6111-3323-3A05EB37493A}.Debug|x64.ActiveCfg = Debug|Any CPU
		{D51EEF71-F3AA-6111-3323-3A05EB37493A}.Debug|x64.Build.0 = Debug|Any CPU
		{D51EEF71-F3AA-6111-3323-3A05EB37493A}.Debug|x86.ActiveCfg = Debug|Any CPU
		{D51EEF71-F3AA-6111-3323-3A05EB37493A}.Debug|x86.Build.0 = Debug|Any CPU
		{D51EEF71-F3AA-6111-3323-3A05EB37493A}.Release|Any CPU.ActiveCfg = Release|Any CPU
		{D51EEF71-F3AA-6111-3323-3A05EB37493A}.Release|Any CPU.Build.0 = Release|Any CPU
		{D51EEF71-F3AA-6111-3323-3A05EB37493A}.Release|x64.ActiveCfg = Release|Any CPU
		{D51EEF71-F3AA-6111-3323-3A05EB37493A}.Release|x64.Build.0 = Release|Any CPU
		{D51EEF71-F3AA-6111-3323-3A05EB37493A}.Release|x86.ActiveCfg = Release|Any CPU
		{D51EEF71-F3AA-6111-3323-3A05EB37493A}.Release|x86.Build.0 = Release|Any CPU
		{A5F217CA-390E-3903-1BF8-7F4F5492580A}.Debug|Any CPU.ActiveCfg = Debug|Any CPU
		{A5F217CA-390E-3903-1BF8-7F4F5492580A}.Debug|Any CPU.Build.0 = Debug|Any CPU
		{A5F217CA-390E-3903-1BF8-7F4F5492580A}.Debug|x64.ActiveCfg = Debug|Any CPU
		{A5F217CA-390E-3903-1BF8-7F4F5492580A}.Debug|x64.Build.0 = Debug|Any CPU
		{A5F217CA-390E-3903-1BF8-7F4F5492580A}.Debug|x86.ActiveCfg = Debug|Any CPU
		{A5F217CA-390E-3903-1BF8-7F4F5492580A}.Debug|x86.Build.0 = Debug|Any CPU
		{A5F217CA-390E-3903-1BF8-7F4F5492580A}.Release|Any CPU.ActiveCfg = Release|Any CPU
		{A5F217CA-390E-3903-1BF8-7F4F5492580A}.Release|Any CPU.Build.0 = Release|Any CPU
		{A5F217CA-390E-3903-1BF8-7F4F5492580A}.Release|x64.ActiveCfg = Release|Any CPU
		{A5F217CA-390E-3903-1BF8-7F4F5492580A}.Release|x64.Build.0 = Release|Any CPU
		{A5F217CA-390E-3903-1BF8-7F4F5492580A}.Release|x86.ActiveCfg = Release|Any CPU
		{A5F217CA-390E-3903-1BF8-7F4F5492580A}.Release|x86.Build.0 = Release|Any CPU
		{DC75FFA3-0C95-4738-BFEC-EB2D81AF0095}.Debug|Any CPU.ActiveCfg = Debug|Any CPU
		{DC75FFA3-0C95-4738-BFEC-EB2D81AF0095}.Debug|Any CPU.Build.0 = Debug|Any CPU
		{DC75FFA3-0C95-4738-BFEC-EB2D81AF0095}.Debug|x64.ActiveCfg = Debug|Any CPU
		{DC75FFA3-0C95-4738-BFEC-EB2D81AF0095}.Debug|x64.Build.0 = Debug|Any CPU
		{DC75FFA3-0C95-4738-BFEC-EB2D81AF0095}.Debug|x86.ActiveCfg = Debug|Any CPU
		{DC75FFA3-0C95-4738-BFEC-EB2D81AF0095}.Debug|x86.Build.0 = Debug|Any CPU
		{DC75FFA3-0C95-4738-BFEC-EB2D81AF0095}.Release|Any CPU.ActiveCfg = Release|Any CPU
		{DC75FFA3-0C95-4738-BFEC-EB2D81AF0095}.Release|Any CPU.Build.0 = Release|Any CPU
		{DC75FFA3-0C95-4738-BFEC-EB2D81AF0095}.Release|x64.ActiveCfg = Release|Any CPU
		{DC75FFA3-0C95-4738-BFEC-EB2D81AF0095}.Release|x64.Build.0 = Release|Any CPU
		{DC75FFA3-0C95-4738-BFEC-EB2D81AF0095}.Release|x86.ActiveCfg = Release|Any CPU
		{DC75FFA3-0C95-4738-BFEC-EB2D81AF0095}.Release|x86.Build.0 = Release|Any CPU
		{DE7B8566-1063-4B4C-8AD3-343CD86C8B85}.Debug|Any CPU.ActiveCfg = Debug|Any CPU
		{DE7B8566-1063-4B4C-8AD3-343CD86C8B85}.Debug|Any CPU.Build.0 = Debug|Any CPU
		{DE7B8566-1063-4B4C-8AD3-343CD86C8B85}.Debug|x64.ActiveCfg = Debug|Any CPU
		{DE7B8566-1063-4B4C-8AD3-343CD86C8B85}.Debug|x64.Build.0 = Debug|Any CPU
		{DE7B8566-1063-4B4C-8AD3-343CD86C8B85}.Debug|x86.ActiveCfg = Debug|Any CPU
		{DE7B8566-1063-4B4C-8AD3-343CD86C8B85}.Debug|x86.Build.0 = Debug|Any CPU
		{DE7B8566-1063-4B4C-8AD3-343CD86C8B85}.Release|Any CPU.ActiveCfg = Release|Any CPU
		{DE7B8566-1063-4B4C-8AD3-343CD86C8B85}.Release|Any CPU.Build.0 = Release|Any CPU
		{DE7B8566-1063-4B4C-8AD3-343CD86C8B85}.Release|x64.ActiveCfg = Release|Any CPU
		{DE7B8566-1063-4B4C-8AD3-343CD86C8B85}.Release|x64.Build.0 = Release|Any CPU
		{DE7B8566-1063-4B4C-8AD3-343CD86C8B85}.Release|x86.ActiveCfg = Release|Any CPU
		{DE7B8566-1063-4B4C-8AD3-343CD86C8B85}.Release|x86.Build.0 = Release|Any CPU
		{20C4C9C1-9E77-4E51-B0D6-893183A540D9}.Debug|Any CPU.ActiveCfg = Debug|Any CPU
		{20C4C9C1-9E77-4E51-B0D6-893183A540D9}.Debug|Any CPU.Build.0 = Debug|Any CPU
		{20C4C9C1-9E77-4E51-B0D6-893183A540D9}.Debug|x64.ActiveCfg = Debug|Any CPU
		{20C4C9C1-9E77-4E51-B0D6-893183A540D9}.Debug|x64.Build.0 = Debug|Any CPU
		{20C4C9C1-9E77-4E51-B0D6-893183A540D9}.Debug|x86.ActiveCfg = Debug|Any CPU
		{20C4C9C1-9E77-4E51-B0D6-893183A540D9}.Debug|x86.Build.0 = Debug|Any CPU
		{20C4C9C1-9E77-4E51-B0D6-893183A540D9}.Release|Any CPU.ActiveCfg = Release|Any CPU
		{20C4C9C1-9E77-4E51-B0D6-893183A540D9}.Release|Any CPU.Build.0 = Release|Any CPU
		{20C4C9C1-9E77-4E51-B0D6-893183A540D9}.Release|x64.ActiveCfg = Release|Any CPU
		{20C4C9C1-9E77-4E51-B0D6-893183A540D9}.Release|x64.Build.0 = Release|Any CPU
		{20C4C9C1-9E77-4E51-B0D6-893183A540D9}.Release|x86.ActiveCfg = Release|Any CPU
		{20C4C9C1-9E77-4E51-B0D6-893183A540D9}.Release|x86.Build.0 = Release|Any CPU
		{047835AA-0DE9-4C95-97DD-7C4B7CE9CEC4}.Debug|Any CPU.ActiveCfg = Debug|Any CPU
		{047835AA-0DE9-4C95-97DD-7C4B7CE9CEC4}.Debug|Any CPU.Build.0 = Debug|Any CPU
		{047835AA-0DE9-4C95-97DD-7C4B7CE9CEC4}.Debug|x64.ActiveCfg = Debug|Any CPU
		{047835AA-0DE9-4C95-97DD-7C4B7CE9CEC4}.Debug|x64.Build.0 = Debug|Any CPU
		{047835AA-0DE9-4C95-97DD-7C4B7CE9CEC4}.Debug|x86.ActiveCfg = Debug|Any CPU
		{047835AA-0DE9-4C95-97DD-7C4B7CE9CEC4}.Debug|x86.Build.0 = Debug|Any CPU
		{047835AA-0DE9-4C95-97DD-7C4B7CE9CEC4}.Release|Any CPU.ActiveCfg = Release|Any CPU
		{047835AA-0DE9-4C95-97DD-7C4B7CE9CEC4}.Release|Any CPU.Build.0 = Release|Any CPU
		{047835AA-0DE9-4C95-97DD-7C4B7CE9CEC4}.Release|x64.ActiveCfg = Release|Any CPU
		{047835AA-0DE9-4C95-97DD-7C4B7CE9CEC4}.Release|x64.Build.0 = Release|Any CPU
		{047835AA-0DE9-4C95-97DD-7C4B7CE9CEC4}.Release|x86.ActiveCfg = Release|Any CPU
		{047835AA-0DE9-4C95-97DD-7C4B7CE9CEC4}.Release|x86.Build.0 = Release|Any CPU
		{D353FFB6-720B-4F48-8026-DD7E5326BCDD}.Debug|Any CPU.ActiveCfg = Debug|Any CPU
		{D353FFB6-720B-4F48-8026-DD7E5326BCDD}.Debug|Any CPU.Build.0 = Debug|Any CPU
		{D353FFB6-720B-4F48-8026-DD7E5326BCDD}.Debug|x64.ActiveCfg = Debug|Any CPU
		{D353FFB6-720B-4F48-8026-DD7E5326BCDD}.Debug|x64.Build.0 = Debug|Any CPU
		{D353FFB6-720B-4F48-8026-DD7E5326BCDD}.Debug|x86.ActiveCfg = Debug|Any CPU
		{D353FFB6-720B-4F48-8026-DD7E5326BCDD}.Debug|x86.Build.0 = Debug|Any CPU
		{D353FFB6-720B-4F48-8026-DD7E5326BCDD}.Release|Any CPU.ActiveCfg = Release|Any CPU
		{D353FFB6-720B-4F48-8026-DD7E5326BCDD}.Release|Any CPU.Build.0 = Release|Any CPU
		{D353FFB6-720B-4F48-8026-DD7E5326BCDD}.Release|x64.ActiveCfg = Release|Any CPU
		{D353FFB6-720B-4F48-8026-DD7E5326BCDD}.Release|x64.Build.0 = Release|Any CPU
		{D353FFB6-720B-4F48-8026-DD7E5326BCDD}.Release|x86.ActiveCfg = Release|Any CPU
		{D353FFB6-720B-4F48-8026-DD7E5326BCDD}.Release|x86.Build.0 = Release|Any CPU
		{B97DB5C8-4670-4F96-A27E-0AA934B1D400}.Debug|Any CPU.ActiveCfg = Debug|Any CPU
		{B97DB5C8-4670-4F96-A27E-0AA934B1D400}.Debug|Any CPU.Build.0 = Debug|Any CPU
		{B97DB5C8-4670-4F96-A27E-0AA934B1D400}.Debug|x64.ActiveCfg = Debug|Any CPU
		{B97DB5C8-4670-4F96-A27E-0AA934B1D400}.Debug|x64.Build.0 = Debug|Any CPU
		{B97DB5C8-4670-4F96-A27E-0AA934B1D400}.Debug|x86.ActiveCfg = Debug|Any CPU
		{B97DB5C8-4670-4F96-A27E-0AA934B1D400}.Debug|x86.Build.0 = Debug|Any CPU
		{B97DB5C8-4670-4F96-A27E-0AA934B1D400}.Release|Any CPU.ActiveCfg = Release|Any CPU
		{B97DB5C8-4670-4F96-A27E-0AA934B1D400}.Release|Any CPU.Build.0 = Release|Any CPU
		{B97DB5C8-4670-4F96-A27E-0AA934B1D400}.Release|x64.ActiveCfg = Release|Any CPU
		{B97DB5C8-4670-4F96-A27E-0AA934B1D400}.Release|x64.Build.0 = Release|Any CPU
		{B97DB5C8-4670-4F96-A27E-0AA934B1D400}.Release|x86.ActiveCfg = Release|Any CPU
		{B97DB5C8-4670-4F96-A27E-0AA934B1D400}.Release|x86.Build.0 = Release|Any CPU
		{64AA1DD0-1CB4-4925-8D7B-AE59F9B42291}.Debug|Any CPU.ActiveCfg = Debug|Any CPU
		{64AA1DD0-1CB4-4925-8D7B-AE59F9B42291}.Debug|Any CPU.Build.0 = Debug|Any CPU
		{64AA1DD0-1CB4-4925-8D7B-AE59F9B42291}.Debug|x64.ActiveCfg = Debug|Any CPU
		{64AA1DD0-1CB4-4925-8D7B-AE59F9B42291}.Debug|x64.Build.0 = Debug|Any CPU
		{64AA1DD0-1CB4-4925-8D7B-AE59F9B42291}.Debug|x86.ActiveCfg = Debug|Any CPU
		{64AA1DD0-1CB4-4925-8D7B-AE59F9B42291}.Debug|x86.Build.0 = Debug|Any CPU
		{64AA1DD0-1CB4-4925-8D7B-AE59F9B42291}.Release|Any CPU.ActiveCfg = Release|Any CPU
		{64AA1DD0-1CB4-4925-8D7B-AE59F9B42291}.Release|Any CPU.Build.0 = Release|Any CPU
		{64AA1DD0-1CB4-4925-8D7B-AE59F9B42291}.Release|x64.ActiveCfg = Release|Any CPU
		{64AA1DD0-1CB4-4925-8D7B-AE59F9B42291}.Release|x64.Build.0 = Release|Any CPU
		{64AA1DD0-1CB4-4925-8D7B-AE59F9B42291}.Release|x86.ActiveCfg = Release|Any CPU
		{64AA1DD0-1CB4-4925-8D7B-AE59F9B42291}.Release|x86.Build.0 = Release|Any CPU
		{59DDF45D-05F1-471D-94A0-3D0C9ECB059C}.Debug|Any CPU.ActiveCfg = Debug|Any CPU
		{59DDF45D-05F1-471D-94A0-3D0C9ECB059C}.Debug|Any CPU.Build.0 = Debug|Any CPU
		{59DDF45D-05F1-471D-94A0-3D0C9ECB059C}.Debug|x64.ActiveCfg = Debug|Any CPU
		{59DDF45D-05F1-471D-94A0-3D0C9ECB059C}.Debug|x64.Build.0 = Debug|Any CPU
		{59DDF45D-05F1-471D-94A0-3D0C9ECB059C}.Debug|x86.ActiveCfg = Debug|Any CPU
		{59DDF45D-05F1-471D-94A0-3D0C9ECB059C}.Debug|x86.Build.0 = Debug|Any CPU
		{59DDF45D-05F1-471D-94A0-3D0C9ECB059C}.Release|Any CPU.ActiveCfg = Release|Any CPU
		{59DDF45D-05F1-471D-94A0-3D0C9ECB059C}.Release|Any CPU.Build.0 = Release|Any CPU
		{59DDF45D-05F1-471D-94A0-3D0C9ECB059C}.Release|x64.ActiveCfg = Release|Any CPU
		{59DDF45D-05F1-471D-94A0-3D0C9ECB059C}.Release|x64.Build.0 = Release|Any CPU
		{59DDF45D-05F1-471D-94A0-3D0C9ECB059C}.Release|x86.ActiveCfg = Release|Any CPU
		{59DDF45D-05F1-471D-94A0-3D0C9ECB059C}.Release|x86.Build.0 = Release|Any CPU
		{4355A0B0-1DD9-4758-A68F-AD9B5670809F}.Debug|Any CPU.ActiveCfg = Debug|Any CPU
		{4355A0B0-1DD9-4758-A68F-AD9B5670809F}.Debug|Any CPU.Build.0 = Debug|Any CPU
		{4355A0B0-1DD9-4758-A68F-AD9B5670809F}.Debug|x64.ActiveCfg = Debug|Any CPU
		{4355A0B0-1DD9-4758-A68F-AD9B5670809F}.Debug|x64.Build.0 = Debug|Any CPU
		{4355A0B0-1DD9-4758-A68F-AD9B5670809F}.Debug|x86.ActiveCfg = Debug|Any CPU
		{4355A0B0-1DD9-4758-A68F-AD9B5670809F}.Debug|x86.Build.0 = Debug|Any CPU
		{4355A0B0-1DD9-4758-A68F-AD9B5670809F}.Release|Any CPU.ActiveCfg = Release|Any CPU
		{4355A0B0-1DD9-4758-A68F-AD9B5670809F}.Release|Any CPU.Build.0 = Release|Any CPU
		{4355A0B0-1DD9-4758-A68F-AD9B5670809F}.Release|x64.ActiveCfg = Release|Any CPU
		{4355A0B0-1DD9-4758-A68F-AD9B5670809F}.Release|x64.Build.0 = Release|Any CPU
		{4355A0B0-1DD9-4758-A68F-AD9B5670809F}.Release|x86.ActiveCfg = Release|Any CPU
		{4355A0B0-1DD9-4758-A68F-AD9B5670809F}.Release|x86.Build.0 = Release|Any CPU
		{CE102813-5B9E-4DAD-B21E-A8BE565ED5B1}.Debug|Any CPU.ActiveCfg = Debug|Any CPU
		{CE102813-5B9E-4DAD-B21E-A8BE565ED5B1}.Debug|Any CPU.Build.0 = Debug|Any CPU
		{CE102813-5B9E-4DAD-B21E-A8BE565ED5B1}.Debug|x64.ActiveCfg = Debug|Any CPU
		{CE102813-5B9E-4DAD-B21E-A8BE565ED5B1}.Debug|x64.Build.0 = Debug|Any CPU
		{CE102813-5B9E-4DAD-B21E-A8BE565ED5B1}.Debug|x86.ActiveCfg = Debug|Any CPU
		{CE102813-5B9E-4DAD-B21E-A8BE565ED5B1}.Debug|x86.Build.0 = Debug|Any CPU
		{CE102813-5B9E-4DAD-B21E-A8BE565ED5B1}.Release|Any CPU.ActiveCfg = Release|Any CPU
		{CE102813-5B9E-4DAD-B21E-A8BE565ED5B1}.Release|Any CPU.Build.0 = Release|Any CPU
		{CE102813-5B9E-4DAD-B21E-A8BE565ED5B1}.Release|x64.ActiveCfg = Release|Any CPU
		{CE102813-5B9E-4DAD-B21E-A8BE565ED5B1}.Release|x64.Build.0 = Release|Any CPU
		{CE102813-5B9E-4DAD-B21E-A8BE565ED5B1}.Release|x86.ActiveCfg = Release|Any CPU
		{CE102813-5B9E-4DAD-B21E-A8BE565ED5B1}.Release|x86.Build.0 = Release|Any CPU
		{8CE86DF8-D05D-4810-ACFA-25C7AE742544}.Debug|Any CPU.ActiveCfg = Debug|Any CPU
		{8CE86DF8-D05D-4810-ACFA-25C7AE742544}.Debug|Any CPU.Build.0 = Debug|Any CPU
		{8CE86DF8-D05D-4810-ACFA-25C7AE742544}.Debug|x64.ActiveCfg = Debug|Any CPU
		{8CE86DF8-D05D-4810-ACFA-25C7AE742544}.Debug|x64.Build.0 = Debug|Any CPU
		{8CE86DF8-D05D-4810-ACFA-25C7AE742544}.Debug|x86.ActiveCfg = Debug|Any CPU
		{8CE86DF8-D05D-4810-ACFA-25C7AE742544}.Debug|x86.Build.0 = Debug|Any CPU
		{8CE86DF8-D05D-4810-ACFA-25C7AE742544}.Release|Any CPU.ActiveCfg = Release|Any CPU
		{8CE86DF8-D05D-4810-ACFA-25C7AE742544}.Release|Any CPU.Build.0 = Release|Any CPU
		{8CE86DF8-D05D-4810-ACFA-25C7AE742544}.Release|x64.ActiveCfg = Release|Any CPU
		{8CE86DF8-D05D-4810-ACFA-25C7AE742544}.Release|x64.Build.0 = Release|Any CPU
		{8CE86DF8-D05D-4810-ACFA-25C7AE742544}.Release|x86.ActiveCfg = Release|Any CPU
		{8CE86DF8-D05D-4810-ACFA-25C7AE742544}.Release|x86.Build.0 = Release|Any CPU
		{BF5D8F57-9538-47AC-82B1-A5D56A493F6B}.Debug|Any CPU.ActiveCfg = Debug|Any CPU
		{BF5D8F57-9538-47AC-82B1-A5D56A493F6B}.Debug|Any CPU.Build.0 = Debug|Any CPU
		{BF5D8F57-9538-47AC-82B1-A5D56A493F6B}.Debug|x64.ActiveCfg = Debug|Any CPU
		{BF5D8F57-9538-47AC-82B1-A5D56A493F6B}.Debug|x64.Build.0 = Debug|Any CPU
		{BF5D8F57-9538-47AC-82B1-A5D56A493F6B}.Debug|x86.ActiveCfg = Debug|Any CPU
		{BF5D8F57-9538-47AC-82B1-A5D56A493F6B}.Debug|x86.Build.0 = Debug|Any CPU
		{BF5D8F57-9538-47AC-82B1-A5D56A493F6B}.Release|Any CPU.ActiveCfg = Release|Any CPU
		{BF5D8F57-9538-47AC-82B1-A5D56A493F6B}.Release|Any CPU.Build.0 = Release|Any CPU
		{BF5D8F57-9538-47AC-82B1-A5D56A493F6B}.Release|x64.ActiveCfg = Release|Any CPU
		{BF5D8F57-9538-47AC-82B1-A5D56A493F6B}.Release|x64.Build.0 = Release|Any CPU
		{BF5D8F57-9538-47AC-82B1-A5D56A493F6B}.Release|x86.ActiveCfg = Release|Any CPU
		{BF5D8F57-9538-47AC-82B1-A5D56A493F6B}.Release|x86.Build.0 = Release|Any CPU
		{B4FB6152-23B9-49A2-A360-F135C093C087}.Debug|Any CPU.ActiveCfg = Debug|Any CPU
		{B4FB6152-23B9-49A2-A360-F135C093C087}.Debug|Any CPU.Build.0 = Debug|Any CPU
		{B4FB6152-23B9-49A2-A360-F135C093C087}.Debug|x64.ActiveCfg = Debug|Any CPU
		{B4FB6152-23B9-49A2-A360-F135C093C087}.Debug|x64.Build.0 = Debug|Any CPU
		{B4FB6152-23B9-49A2-A360-F135C093C087}.Debug|x86.ActiveCfg = Debug|Any CPU
		{B4FB6152-23B9-49A2-A360-F135C093C087}.Debug|x86.Build.0 = Debug|Any CPU
		{B4FB6152-23B9-49A2-A360-F135C093C087}.Release|Any CPU.ActiveCfg = Release|Any CPU
		{B4FB6152-23B9-49A2-A360-F135C093C087}.Release|Any CPU.Build.0 = Release|Any CPU
		{B4FB6152-23B9-49A2-A360-F135C093C087}.Release|x64.ActiveCfg = Release|Any CPU
		{B4FB6152-23B9-49A2-A360-F135C093C087}.Release|x64.Build.0 = Release|Any CPU
		{B4FB6152-23B9-49A2-A360-F135C093C087}.Release|x86.ActiveCfg = Release|Any CPU
		{B4FB6152-23B9-49A2-A360-F135C093C087}.Release|x86.Build.0 = Release|Any CPU
	EndGlobalSection
	GlobalSection(SolutionProperties) = preSolution
		HideSolutionNode = FALSE
	EndGlobalSection
	GlobalSection(NestedProjects) = preSolution
		{0509322B-5C78-4CFD-B4B5-1678C5B45665} = {1AE8ACA6-933B-BF2A-3671-3E2EAC007D16}
		{40531946-1C10-4F44-BA68-AAE122F39A31} = {1AE8ACA6-933B-BF2A-3671-3E2EAC007D16}
		{6D42EBB5-0DAC-482A-946D-E525EF148E16} = {1AE8ACA6-933B-BF2A-3671-3E2EAC007D16}
		{76C3C62C-403F-4373-BE2C-4BC9BDDEDAF6} = {CE609670-85B9-0D16-FB54-ED063D5D8A6D}
		{D51EEF71-F3AA-6111-3323-3A05EB37493A} = {1AE8ACA6-933B-BF2A-3671-3E2EAC007D16}
		{A5F217CA-390E-3903-1BF8-7F4F5492580A} = {CE609670-85B9-0D16-FB54-ED063D5D8A6D}
		{6B2CB54C-E7F8-C45B-A4DA-FB37389901FF} = {5854FF58-B8C5-05C6-5BF2-ACE42193F22B}
		{DC75FFA3-0C95-4738-BFEC-EB2D81AF0095} = {6B2CB54C-E7F8-C45B-A4DA-FB37389901FF}
		{DE7B8566-1063-4B4C-8AD3-343CD86C8B85} = {6B2CB54C-E7F8-C45B-A4DA-FB37389901FF}
		{20C4C9C1-9E77-4E51-B0D6-893183A540D9} = {6B2CB54C-E7F8-C45B-A4DA-FB37389901FF}
		{047835AA-0DE9-4C95-97DD-7C4B7CE9CEC4} = {6B2CB54C-E7F8-C45B-A4DA-FB37389901FF}
		{704F2156-B428-6027-9A55-AC0931CFFD49} = {5854FF58-B8C5-05C6-5BF2-ACE42193F22B}
		{D353FFB6-720B-4F48-8026-DD7E5326BCDD} = {704F2156-B428-6027-9A55-AC0931CFFD49}
		{B97DB5C8-4670-4F96-A27E-0AA934B1D400} = {704F2156-B428-6027-9A55-AC0931CFFD49}
		{64AA1DD0-1CB4-4925-8D7B-AE59F9B42291} = {704F2156-B428-6027-9A55-AC0931CFFD49}
		{59DDF45D-05F1-471D-94A0-3D0C9ECB059C} = {704F2156-B428-6027-9A55-AC0931CFFD49}
		{4355A0B0-1DD9-4758-A68F-AD9B5670809F} = {6B2CB54C-E7F8-C45B-A4DA-FB37389901FF}
		{564C711B-76A9-D581-6093-515407AE9878} = {5854FF58-B8C5-05C6-5BF2-ACE42193F22B}
		{CE102813-5B9E-4DAD-B21E-A8BE565ED5B1} = {564C711B-76A9-D581-6093-515407AE9878}
		{8CE86DF8-D05D-4810-ACFA-25C7AE742544} = {564C711B-76A9-D581-6093-515407AE9878}
		{BF5D8F57-9538-47AC-82B1-A5D56A493F6B} = {564C711B-76A9-D581-6093-515407AE9878}
		{B4FB6152-23B9-49A2-A360-F135C093C087} = {564C711B-76A9-D581-6093-515407AE9878}
	EndGlobalSection
	GlobalSection(ExtensibilityGlobals) = postSolution
		SolutionGuid = {3F827300-8DD6-4B16-88E2-867FB0B9F7FB}
	EndGlobalSection
EndGlobal
