
Microsoft Visual Studio Solution File, Format Version 12.00
# Visual Studio Version 18
VisualStudioVersion = 18.1.11312.151
MinimumVisualStudioVersion = 10.0.40219.1
Project("{2150E333-8FDC-42A3-9474-1A3956D46DE8}") = "backend", "backend", "{1AE8ACA6-933B-BF2A-3671-3E2EAC007D16}"
EndProject
Project("{FAE04EC0-301F-11D3-BF4B-00C04F79EFBC}") = "BusinessAsUsual.API", "backend\BusinessAsUsual.API\BusinessAsUsual.API.csproj", "{0509322B-5C78-4CFD-B4B5-1678C5B45665}"
EndProject
Project("{FAE04EC0-301F-11D3-BF4B-00C04F79EFBC}") = "BusinessAsUsual.Application", "backend\BusinessAsUsual.Application\BusinessAsUsual.Application.csproj", "{40531946-1C10-4F44-BA68-AAE122F39A31}"
EndProject
Project("{FAE04EC0-301F-11D3-BF4B-00C04F79EFBC}") = "BusinessAsUsual.Domain", "backend\BusinessAsUsual.Domain\BusinessAsUsual.Domain.csproj", "{6D42EBB5-0DAC-482A-946D-E525EF148E16}"
EndProject
Project("{2150E333-8FDC-42A3-9474-1A3956D46DE8}") = "frontend", "frontend", "{CE609670-85B9-0D16-FB54-ED063D5D8A6D}"
EndProject
Project("{FAE04EC0-301F-11D3-BF4B-00C04F79EFBC}") = "BusinessAsUsual.Web", "frontend\BusinessAsUsual.Web\BusinessAsUsual.Web.csproj", "{76C3C62C-403F-4373-BE2C-4BC9BDDEDAF6}"
EndProject
Project("{2150E333-8FDC-42A3-9474-1A3956D46DE8}") = "Solution Items", "Solution Items", "{8EC462FD-D22E-90A8-E5CE-7E832BA40C5D}"
	ProjectSection(SolutionItems) = preProject
		.dockerignore = .dockerignore
		.editorconfig = .editorconfig
		.gitignore = .gitignore
		appspec.yml = appspec.yml
		docs\ARCHITECTURE.md = docs\ARCHITECTURE.md
		docs\AWSDEPLOYMENT.md = docs\AWSDEPLOYMENT.md
		docs\BADGES.md = docs\BADGES.md
		docs\BRANDING.md = docs\BRANDING.md
		docs\CHANGELOG.md = docs\CHANGELOG.md
		.github\workflows\changelog.yml = .github\workflows\changelog.yml
		docs\CODEOWNERS.md = docs\CODEOWNERS.md
		ConfigLoader.cs = ConfigLoader.cs
		Directory.Build.props = Directory.Build.props
		docker-compose.yml = docker-compose.yml
		Dockerfile = Dockerfile
		docs\LICENSE.md = docs\LICENSE.md
		docs\METADATA.md = docs\METADATA.md
		docs\MICROSERVICEARCHITECTUREOVERVIEW.md = docs\MICROSERVICEARCHITECTUREOVERVIEW.md
		docs\ONBOARDING.md = docs\ONBOARDING.md
		docs\PSCOMMANDS.md = docs\PSCOMMANDS.md
		README.md = README.md
		docs\README.md = docs\README.md
		docs\SMARTCOMMIT.md = docs\SMARTCOMMIT.md
		docs\SPLASH.md = docs\SPLASH.md
		docs\STRATEGY.md = docs\STRATEGY.md
		docs\STYLEGUIDE.md = docs\STYLEGUIDE.md
	EndProjectSection
EndProject
Project("{FAE04EC0-301F-11D3-BF4B-00C04F79EFBC}") = "BusinessAsUsual.Tests", "BusinessAsUsual.Tests\BusinessAsUsual.Tests.csproj", "{5AE0C246-DA7C-4153-8920-2593BB685849}"
EndProject
Project("{FAE04EC0-301F-11D3-BF4B-00C04F79EFBC}") = "BusinessAsUsual.Core", "BusinessAsUsual.Core\BusinessAsUsual.Core.csproj", "{30827E97-01BD-462F-BF11-78DD36B8781A}"
EndProject
Project("{FAE04EC0-301F-11D3-BF4B-00C04F79EFBC}") = "BusinessAsUsual.Infrastructure", "backend\BusinessAsUsual.Infrastructure\BusinessAsUsual.Infrastructure.csproj", "{D51EEF71-F3AA-6111-3323-3A05EB37493A}"
EndProject
Project("{FAE04EC0-301F-11D3-BF4B-00C04F79EFBC}") = "BusinessAsUsual.Admin", "frontend\BusinessAsUsual.Admin\BusinessAsUsual.Admin.csproj", "{A5F217CA-390E-3903-1BF8-7F4F5492580A}"
EndProject
Global
	GlobalSection(SolutionConfigurationPlatforms) = preSolution
		Debug|Any CPU = Debug|Any CPU
		Debug|x64 = Debug|x64
		Debug|x86 = Debug|x86
		Release|Any CPU = Release|Any CPU
		Release|x64 = Release|x64
		Release|x86 = Release|x86
	EndGlobalSection
	GlobalSection(ProjectConfigurationPlatforms) = postSolution
		{0509322B-5C78-4CFD-B4B5-1678C5B45665}.Debug|Any CPU.ActiveCfg = Debug|Any CPU
		{0509322B-5C78-4CFD-B4B5-1678C5B45665}.Debug|Any CPU.Build.0 = Debug|Any CPU
		{0509322B-5C78-4CFD-B4B5-1678C5B45665}.Debug|x64.ActiveCfg = Debug|Any CPU
		{0509322B-5C78-4CFD-B4B5-1678C5B45665}.Debug|x64.Build.0 = Debug|Any CPU
		{0509322B-5C78-4CFD-B4B5-1678C5B45665}.Debug|x86.ActiveCfg = Debug|Any CPU
		{0509322B-5C78-4CFD-B4B5-1678C5B45665}.Debug|x86.Build.0 = Debug|Any CPU
		{0509322B-5C78-4CFD-B4B5-1678C5B45665}.Release|Any CPU.ActiveCfg = Release|Any CPU
		{0509322B-5C78-4CFD-B4B5-1678C5B45665}.Release|Any CPU.Build.0 = Release|Any CPU
		{0509322B-5C78-4CFD-B4B5-1678C5B45665}.Release|x64.ActiveCfg = Release|Any CPU
		{0509322B-5C78-4CFD-B4B5-1678C5B45665}.Release|x64.Build.0 = Release|Any CPU
		{0509322B-5C78-4CFD-B4B5-1678C5B45665}.Release|x86.ActiveCfg = Release|Any CPU
		{0509322B-5C78-4CFD-B4B5-1678C5B45665}.Release|x86.Build.0 = Release|Any CPU
		{40531946-1C10-4F44-BA68-AAE122F39A31}.Debug|Any CPU.ActiveCfg = Debug|Any CPU
		{40531946-1C10-4F44-BA68-AAE122F39A31}.Debug|Any CPU.Build.0 = Debug|Any CPU
		{40531946-1C10-4F44-BA68-AAE122F39A31}.Debug|x64.ActiveCfg = Debug|Any CPU
		{40531946-1C10-4F44-BA68-AAE122F39A31}.Debug|x64.Build.0 = Debug|Any CPU
		{40531946-1C10-4F44-BA68-AAE122F39A31}.Debug|x86.ActiveCfg = Debug|Any CPU
		{40531946-1C10-4F44-BA68-AAE122F39A31}.Debug|x86.Build.0 = Debug|Any CPU
		{40531946-1C10-4F44-BA68-AAE122F39A31}.Release|Any CPU.ActiveCfg = Release|Any CPU
		{40531946-1C10-4F44-BA68-AAE122F39A31}.Release|Any CPU.Build.0 = Release|Any CPU
		{40531946-1C10-4F44-BA68-AAE122F39A31}.Release|x64.ActiveCfg = Release|Any CPU
		{40531946-1C10-4F44-BA68-AAE122F39A31}.Release|x64.Build.0 = Release|Any CPU
		{40531946-1C10-4F44-BA68-AAE122F39A31}.Release|x86.ActiveCfg = Release|Any CPU
		{40531946-1C10-4F44-BA68-AAE122F39A31}.Release|x86.Build.0 = Release|Any CPU
		{6D42EBB5-0DAC-482A-946D-E525EF148E16}.Debug|Any CPU.ActiveCfg = Debug|Any CPU
		{6D42EBB5-0DAC-482A-946D-E525EF148E16}.Debug|Any CPU.Build.0 = Debug|Any CPU
		{6D42EBB5-0DAC-482A-946D-E525EF148E16}.Debug|x64.ActiveCfg = Debug|Any CPU
		{6D42EBB5-0DAC-482A-946D-E525EF148E16}.Debug|x64.Build.0 = Debug|Any CPU
		{6D42EBB5-0DAC-482A-946D-E525EF148E16}.Debug|x86.ActiveCfg = Debug|Any CPU
		{6D42EBB5-0DAC-482A-946D-E525EF148E16}.Debug|x86.Build.0 = Debug|Any CPU
		{6D42EBB5-0DAC-482A-946D-E525EF148E16}.Release|Any CPU.ActiveCfg = Release|Any CPU
		{6D42EBB5-0DAC-482A-946D-E525EF148E16}.Release|Any CPU.Build.0 = Release|Any CPU
		{6D42EBB5-0DAC-482A-946D-E525EF148E16}.Release|x64.ActiveCfg = Release|Any CPU
		{6D42EBB5-0DAC-482A-946D-E525EF148E16}.Release|x64.Build.0 = Release|Any CPU
		{6D42EBB5-0DAC-482A-946D-E525EF148E16}.Release|x86.ActiveCfg = Release|Any CPU
		{6D42EBB5-0DAC-482A-946D-E525EF148E16}.Release|x86.Build.0 = Release|Any CPU
		{76C3C62C-403F-4373-BE2C-4BC9BDDEDAF6}.Debug|Any CPU.ActiveCfg = Debug|Any CPU
		{76C3C62C-403F-4373-BE2C-4BC9BDDEDAF6}.Debug|Any CPU.Build.0 = Debug|Any CPU
		{76C3C62C-403F-4373-BE2C-4BC9BDDEDAF6}.Debug|x64.ActiveCfg = Debug|Any CPU
		{76C3C62C-403F-4373-BE2C-4BC9BDDEDAF6}.Debug|x64.Build.0 = Debug|Any CPU
		{76C3C62C-403F-4373-BE2C-4BC9BDDEDAF6}.Debug|x86.ActiveCfg = Debug|Any CPU
		{76C3C62C-403F-4373-BE2C-4BC9BDDEDAF6}.Debug|x86.Build.0 = Debug|Any CPU
		{76C3C62C-403F-4373-BE2C-4BC9BDDEDAF6}.Release|Any CPU.ActiveCfg = Release|Any CPU
		{76C3C62C-403F-4373-BE2C-4BC9BDDEDAF6}.Release|Any CPU.Build.0 = Release|Any CPU
		{76C3C62C-403F-4373-BE2C-4BC9BDDEDAF6}.Release|x64.ActiveCfg = Release|Any CPU
		{76C3C62C-403F-4373-BE2C-4BC9BDDEDAF6}.Release|x64.Build.0 = Release|Any CPU
		{76C3C62C-403F-4373-BE2C-4BC9BDDEDAF6}.Release|x86.ActiveCfg = Release|Any CPU
		{76C3C62C-403F-4373-BE2C-4BC9BDDEDAF6}.Release|x86.Build.0 = Release|Any CPU
		{5AE0C246-DA7C-4153-8920-2593BB685849}.Debug|Any CPU.ActiveCfg = Debug|Any CPU
		{5AE0C246-DA7C-4153-8920-2593BB685849}.Debug|Any CPU.Build.0 = Debug|Any CPU
		{5AE0C246-DA7C-4153-8920-2593BB685849}.Debug|x64.ActiveCfg = Debug|Any CPU
		{5AE0C246-DA7C-4153-8920-2593BB685849}.Debug|x64.Build.0 = Debug|Any CPU
		{5AE0C246-DA7C-4153-8920-2593BB685849}.Debug|x86.ActiveCfg = Debug|Any CPU
		{5AE0C246-DA7C-4153-8920-2593BB685849}.Debug|x86.Build.0 = Debug|Any CPU
		{5AE0C246-DA7C-4153-8920-2593BB685849}.Release|Any CPU.ActiveCfg = Release|Any CPU
		{5AE0C246-DA7C-4153-8920-2593BB685849}.Release|Any CPU.Build.0 = Release|Any CPU
		{5AE0C246-DA7C-4153-8920-2593BB685849}.Release|x64.ActiveCfg = Release|Any CPU
		{5AE0C246-DA7C-4153-8920-2593BB685849}.Release|x64.Build.0 = Release|Any CPU
		{5AE0C246-DA7C-4153-8920-2593BB685849}.Release|x86.ActiveCfg = Release|Any CPU
		{5AE0C246-DA7C-4153-8920-2593BB685849}.Release|x86.Build.0 = Release|Any CPU
		{30827E97-01BD-462F-BF11-78DD36B8781A}.Debug|Any CPU.ActiveCfg = Debug|Any CPU
		{30827E97-01BD-462F-BF11-78DD36B8781A}.Debug|Any CPU.Build.0 = Debug|Any CPU
		{30827E97-01BD-462F-BF11-78DD36B8781A}.Debug|x64.ActiveCfg = Debug|Any CPU
		{30827E97-01BD-462F-BF11-78DD36B8781A}.Debug|x64.Build.0 = Debug|Any CPU
		{30827E97-01BD-462F-BF11-78DD36B8781A}.Debug|x86.ActiveCfg = Debug|Any CPU
		{30827E97-01BD-462F-BF11-78DD36B8781A}.Debug|x86.Build.0 = Debug|Any CPU
		{30827E97-01BD-462F-BF11-78DD36B8781A}.Release|Any CPU.ActiveCfg = Release|Any CPU
		{30827E97-01BD-462F-BF11-78DD36B8781A}.Release|Any CPU.Build.0 = Release|Any CPU
		{30827E97-01BD-462F-BF11-78DD36B8781A}.Release|x64.ActiveCfg = Release|Any CPU
		{30827E97-01BD-462F-BF11-78DD36B8781A}.Release|x64.Build.0 = Release|Any CPU
		{30827E97-01BD-462F-BF11-78DD36B8781A}.Release|x86.ActiveCfg = Release|Any CPU
		{30827E97-01BD-462F-BF11-78DD36B8781A}.Release|x86.Build.0 = Release|Any CPU
		{D51EEF71-F3AA-6111-3323-3A05EB37493A}.Debug|Any CPU.ActiveCfg = Debug|Any CPU
		{D51EEF71-F3AA-6111-3323-3A05EB37493A}.Debug|Any CPU.Build.0 = Debug|Any CPU
		{D51EEF71-F3AA-6111-3323-3A05EB37493A}.Debug|x64.ActiveCfg = Debug|Any CPU
		{D51EEF71-F3AA-6111-3323-3A05EB37493A}.Debug|x64.Build.0 = Debug|Any CPU
		{D51EEF71-F3AA-6111-3323-3A05EB37493A}.Debug|x86.ActiveCfg = Debug|Any CPU
		{D51EEF71-F3AA-6111-3323-3A05EB37493A}.Debug|x86.Build.0 = Debug|Any CPU
		{D51EEF71-F3AA-6111-3323-3A05EB37493A}.Release|Any CPU.ActiveCfg = Release|Any CPU
		{D51EEF71-F3AA-6111-3323-3A05EB37493A}.Release|Any CPU.Build.0 = Release|Any CPU
		{D51EEF71-F3AA-6111-3323-3A05EB37493A}.Release|x64.ActiveCfg = Release|Any CPU
		{D51EEF71-F3AA-6111-3323-3A05EB37493A}.Release|x64.Build.0 = Release|Any CPU
		{D51EEF71-F3AA-6111-3323-3A05EB37493A}.Release|x86.ActiveCfg = Release|Any CPU
		{D51EEF71-F3AA-6111-3323-3A05EB37493A}.Release|x86.Build.0 = Release|Any CPU
		{A5F217CA-390E-3903-1BF8-7F4F5492580A}.Debug|Any CPU.ActiveCfg = Debug|Any CPU
		{A5F217CA-390E-3903-1BF8-7F4F5492580A}.Debug|Any CPU.Build.0 = Debug|Any CPU
		{A5F217CA-390E-3903-1BF8-7F4F5492580A}.Debug|x64.ActiveCfg = Debug|Any CPU
		{A5F217CA-390E-3903-1BF8-7F4F5492580A}.Debug|x64.Build.0 = Debug|Any CPU
		{A5F217CA-390E-3903-1BF8-7F4F5492580A}.Debug|x86.ActiveCfg = Debug|Any CPU
		{A5F217CA-390E-3903-1BF8-7F4F5492580A}.Debug|x86.Build.0 = Debug|Any CPU
		{A5F217CA-390E-3903-1BF8-7F4F5492580A}.Release|Any CPU.ActiveCfg = Release|Any CPU
		{A5F217CA-390E-3903-1BF8-7F4F5492580A}.Release|Any CPU.Build.0 = Release|Any CPU
		{A5F217CA-390E-3903-1BF8-7F4F5492580A}.Release|x64.ActiveCfg = Release|Any CPU
		{A5F217CA-390E-3903-1BF8-7F4F5492580A}.Release|x64.Build.0 = Release|Any CPU
		{A5F217CA-390E-3903-1BF8-7F4F5492580A}.Release|x86.ActiveCfg = Release|Any CPU
		{A5F217CA-390E-3903-1BF8-7F4F5492580A}.Release|x86.Build.0 = Release|Any CPU
	EndGlobalSection
	GlobalSection(SolutionProperties) = preSolution
		HideSolutionNode = FALSE
	EndGlobalSection
	GlobalSection(NestedProjects) = preSolution
		{0509322B-5C78-4CFD-B4B5-1678C5B45665} = {1AE8ACA6-933B-BF2A-3671-3E2EAC007D16}
		{40531946-1C10-4F44-BA68-AAE122F39A31} = {1AE8ACA6-933B-BF2A-3671-3E2EAC007D16}
		{6D42EBB5-0DAC-482A-946D-E525EF148E16} = {1AE8ACA6-933B-BF2A-3671-3E2EAC007D16}
		{76C3C62C-403F-4373-BE2C-4BC9BDDEDAF6} = {CE609670-85B9-0D16-FB54-ED063D5D8A6D}
		{D51EEF71-F3AA-6111-3323-3A05EB37493A} = {1AE8ACA6-933B-BF2A-3671-3E2EAC007D16}
		{A5F217CA-390E-3903-1BF8-7F4F5492580A} = {CE609670-85B9-0D16-FB54-ED063D5D8A6D}
	EndGlobalSection
	GlobalSection(ExtensibilityGlobals) = postSolution
		SolutionGuid = {3F827300-8DD6-4B16-88E2-867FB0B9F7FB}
	EndGlobalSection
EndGlobal
